
Microsoft Visual Studio Solution File, Format Version 12.00
# Visual Studio Version 17
VisualStudioVersion = 17.5.33502.453
MinimumVisualStudioVersion = 10.0.40219.1
Project("{FAE04EC0-301F-11D3-BF4B-00C04F79EFBC}") = "ThingiverseDownloadsManager", "ThingiverseDownloadsManager\ThingiverseDownloadsManager.csproj", "{2F4E69CF-3984-4018-9A31-BC9E808693D0}"
EndProject
Global
	GlobalSection(SolutionConfigurationPlatforms) = preSolution
		Debug|Any CPU = Debug|Any CPU
		Release|Any CPU = Release|Any CPU
	EndGlobalSection
	GlobalSection(ProjectConfigurationPlatforms) = postSolution
		{2F4E69CF-3984-4018-9A31-BC9E808693D0}.Debug|Any CPU.ActiveCfg = Debug|Any CPU
		{2F4E69CF-3984-4018-9A31-BC9E808693D0}.Debug|Any CPU.Build.0 = Debug|Any CPU
		{2F4E69CF-3984-4018-9A31-BC9E808693D0}.Release|Any CPU.ActiveCfg = Release|Any CPU
		{2F4E69CF-3984-4018-9A31-BC9E808693D0}.Release|Any CPU.Build.0 = Release|Any CPU
	EndGlobalSection
	GlobalSection(SolutionProperties) = preSolution
		HideSolutionNode = FALSE
	EndGlobalSection
	GlobalSection(ExtensibilityGlobals) = postSolution
		SolutionGuid = {6A71E307-073E-4F0A-AE14-2260111E91AF}
	EndGlobalSection
EndGlobal
